{
  "version": 4,
  "terraform_version": "0.15.1",
  "serial": 5,
  "lineage": "c83532be-eb60-2c1c-890f-4cafc964e845",
  "outputs": {
    "ipv4_address": {
      "value": "188.34.196.211",
      "type": "string"
    }
  },
  "resources": [
    {
      "mode": "managed",
      "type": "hcloud_server",
      "name": "web-server",
      "provider": "provider[\"registry.terraform.io/hetznercloud/hcloud\"]",
      "instances": [
        {
          "schema_version": 0,
          "attributes": {
            "backup_window": "",
            "backups": false,
            "datacenter": "nbg1-dc3",
            "firewall_ids": [],
            "id": "11817439",
            "image": "debian-10",
            "ipv4_address": "188.34.196.211",
            "ipv6_address": "2a01:4f8:1c1c:a804::1",
            "ipv6_network": "2a01:4f8:1c1c:a804::/64",
            "iso": null,
            "keep_disk": false,
            "labels": {},
            "location": "nbg1",
            "name": "debian-trt366",
            "network": [],
            "rescue": null,
            "server_type": "cx11",
            "ssh_keys": [
              "Talha"
            ],
            "status": "running",
            "user_data": "DeNeTaV5+rovFN2j74MV08OnQB0="
          },
          "sensitive_attributes": [],
          "private": "bnVsbA=="
        }
      ]
    }
  ]
}
